
Microsoft Visual Studio Solution File, Format Version 12.00
# Visual Studio Version 16
VisualStudioVersion = 16.0.30104.148
MinimumVisualStudioVersion = 10.0.40219.1
Project("{FAE04EC0-301F-11D3-BF4B-00C04F79EFBC}") = "Projects", "Projects\Projects.csproj", "{BD80AE80-89A4-46C2-9B07-B82DE0513135}"
EndProject
Global
	GlobalSection(SolutionConfigurationPlatforms) = preSolution
		Debug|Any CPU = Debug|Any CPU
		Release|Any CPU = Release|Any CPU
	EndGlobalSection
	GlobalSection(ProjectConfigurationPlatforms) = postSolution
		{BD80AE80-89A4-46C2-9B07-B82DE0513135}.Debug|Any CPU.ActiveCfg = Debug|Any CPU
		{BD80AE80-89A4-46C2-9B07-B82DE0513135}.Debug|Any CPU.Build.0 = Debug|Any CPU
		{BD80AE80-89A4-46C2-9B07-B82DE0513135}.Release|Any CPU.ActiveCfg = Release|Any CPU
		{BD80AE80-89A4-46C2-9B07-B82DE0513135}.Release|Any CPU.Build.0 = Release|Any CPU
	EndGlobalSection
	GlobalSection(SolutionProperties) = preSolution
		HideSolutionNode = FALSE
	EndGlobalSection
	GlobalSection(ExtensibilityGlobals) = postSolution
		SolutionGuid = {A60EF503-BECD-491A-8283-380A6BDC2BED}
	EndGlobalSection
EndGlobal
